
Microsoft Visual Studio Solution File, Format Version 12.00
# Visual Studio Version 17
VisualStudioVersion = 17.3.32811.315
MinimumVisualStudioVersion = 10.0.40219.1
Project("{9A19103F-16F7-4668-BE54-9A1E7A4F7556}") = "NESPortable", "NESPortable\NESPortable.csproj", "{099F26BA-4DD1-47B0-AD3B-D275FB9DD141}"
EndProject
Project("{2150E333-8FDC-42A3-9474-1A3956D46DE8}") = "Solution Items", "Solution Items", "{B48AEB7F-6C46-49EF-B86B-9989A0058B6B}"
	ProjectSection(SolutionItems) = preProject
		Corlib.dll = Corlib.dll
	EndProjectSection
EndProject
Global
	GlobalSection(SolutionConfigurationPlatforms) = preSolution
		Debug|Any CPU = Debug|Any CPU
		Release|Any CPU = Release|Any CPU
	EndGlobalSection
	GlobalSection(ProjectConfigurationPlatforms) = postSolution
		{099F26BA-4DD1-47B0-AD3B-D275FB9DD141}.Debug|Any CPU.ActiveCfg = Debug|Any CPU
		{099F26BA-4DD1-47B0-AD3B-D275FB9DD141}.Debug|Any CPU.Build.0 = Debug|Any CPU
		{099F26BA-4DD1-47B0-AD3B-D275FB9DD141}.Release|Any CPU.ActiveCfg = Release|Any CPU
		{099F26BA-4DD1-47B0-AD3B-D275FB9DD141}.Release|Any CPU.Build.0 = Release|Any CPU
	EndGlobalSection
	GlobalSection(SolutionProperties) = preSolution
		HideSolutionNode = FALSE
	EndGlobalSection
	GlobalSection(ExtensibilityGlobals) = postSolution
		SolutionGuid = {7A73F9DE-E6FB-4991-9B9F-FDF79EEE84D6}
	EndGlobalSection
EndGlobal
